
Microsoft Visual Studio Solution File, Format Version 12.00
# Visual Studio Version 17
VisualStudioVersion = 17.6.33712.159
MinimumVisualStudioVersion = 10.0.40219.1
Project("{FAE04EC0-301F-11D3-BF4B-00C04F79EFBC}") = "PizzaPoo", "PizzaPoo\PizzaPoo.csproj", "{548991F5-52A3-4D4F-9C27-C480A70122F6}"
EndProject
Global
	GlobalSection(SolutionConfigurationPlatforms) = preSolution
		Debug|Any CPU = Debug|Any CPU
		Release|Any CPU = Release|Any CPU
	EndGlobalSection
	GlobalSection(ProjectConfigurationPlatforms) = postSolution
		{548991F5-52A3-4D4F-9C27-C480A70122F6}.Debug|Any CPU.ActiveCfg = Debug|Any CPU
		{548991F5-52A3-4D4F-9C27-C480A70122F6}.Debug|Any CPU.Build.0 = Debug|Any CPU
		{548991F5-52A3-4D4F-9C27-C480A70122F6}.Release|Any CPU.ActiveCfg = Release|Any CPU
		{548991F5-52A3-4D4F-9C27-C480A70122F6}.Release|Any CPU.Build.0 = Release|Any CPU
	EndGlobalSection
	GlobalSection(SolutionProperties) = preSolution
		HideSolutionNode = FALSE
	EndGlobalSection
	GlobalSection(ExtensibilityGlobals) = postSolution
		SolutionGuid = {4421E8CB-CA62-4562-B5BF-D13889C98751}
	EndGlobalSection
EndGlobal
